
Microsoft Visual Studio Solution File, Format Version 12.00
# Visual Studio 2012
Project("{FAE04EC0-301F-11D3-BF4B-00C04F79EFBC}") = "Monitor_ychc.Infrastructure", "Monitor_ychc.Infrastructure\Monitor_ychc.Infrastructure.csproj", "{4AC258E2-D46E-45C4-975A-99EB41BA8AFD}"
EndProject
Project("{FAE04EC0-301F-11D3-BF4B-00C04F79EFBC}") = "Monitor_ychc.Service", "Monitor_ychc.Service\Monitor_ychc.Service.csproj", "{5E1F61B5-80DF-44FC-97B9-6AB79D737F53}"
EndProject
Project("{FAE04EC0-301F-11D3-BF4B-00C04F79EFBC}") = "Monitor_ychc.Web", "Monitor_ychc.Web\Monitor_ychc.Web.csproj", "{891A64CE-254A-4E79-A86B-B384AD64F35D}"
EndProject
Global
	GlobalSection(SolutionConfigurationPlatforms) = preSolution
		Debug|Any CPU = Debug|Any CPU
		Release|Any CPU = Release|Any CPU
	EndGlobalSection
	GlobalSection(ProjectConfigurationPlatforms) = postSolution
		{4AC258E2-D46E-45C4-975A-99EB41BA8AFD}.Debug|Any CPU.ActiveCfg = Debug|Any CPU
		{4AC258E2-D46E-45C4-975A-99EB41BA8AFD}.Debug|Any CPU.Build.0 = Debug|Any CPU
		{4AC258E2-D46E-45C4-975A-99EB41BA8AFD}.Release|Any CPU.ActiveCfg = Release|Any CPU
		{4AC258E2-D46E-45C4-975A-99EB41BA8AFD}.Release|Any CPU.Build.0 = Release|Any CPU
		{5E1F61B5-80DF-44FC-97B9-6AB79D737F53}.Debug|Any CPU.ActiveCfg = Debug|Any CPU
		{5E1F61B5-80DF-44FC-97B9-6AB79D737F53}.Debug|Any CPU.Build.0 = Debug|Any CPU
		{5E1F61B5-80DF-44FC-97B9-6AB79D737F53}.Release|Any CPU.ActiveCfg = Release|Any CPU
		{5E1F61B5-80DF-44FC-97B9-6AB79D737F53}.Release|Any CPU.Build.0 = Release|Any CPU
		{891A64CE-254A-4E79-A86B-B384AD64F35D}.Debug|Any CPU.ActiveCfg = Debug|Any CPU
		{891A64CE-254A-4E79-A86B-B384AD64F35D}.Debug|Any CPU.Build.0 = Debug|Any CPU
		{891A64CE-254A-4E79-A86B-B384AD64F35D}.Release|Any CPU.ActiveCfg = Release|Any CPU
		{891A64CE-254A-4E79-A86B-B384AD64F35D}.Release|Any CPU.Build.0 = Release|Any CPU
	EndGlobalSection
	GlobalSection(SolutionProperties) = preSolution
		HideSolutionNode = FALSE
	EndGlobalSection
EndGlobal
